<Solution>
  <Folder Name="/Gateway/">
    <Project Path="Gateway/TaskManagement.Gateway/TaskManagement.Gateway.csproj" />
  </Folder>
  <Folder Name="/Services/" />
  <Folder Name="/Services/Auth/">
    <Project Path="Services/Auth/TaskManagement.Auth/TaskManagement.Auth.csproj" />
  </Folder>
  <Folder Name="/Services/Comment/">
    <Project Path="Services/Comment/TaskManagement.Comment/TaskManagement.Comment.csproj" />
  </Folder>
  <Folder Name="/Services/Dashboard/">
    <Project Path="Services/Dashboard/TaskManagement.Dashboard/TaskManagement.Dashboard.csproj" />
  </Folder>
  <Folder Name="/Services/File/">
    <Project Path="Services/File/TaskManagement.File/TaskManagement.File.csproj" />
  </Folder>
  <Folder Name="/Services/Project/">
    <Project Path="Services/Project/TaskManagement.Project/TaskManagement.Project.csproj" />
  </Folder>
  <Folder Name="/Services/Task/">
    <Project Path="Services/Task/TaskManagement.Task/TaskManagement.Task.csproj" />
  </Folder>
</Solution>
